
Microsoft Visual Studio Solution File, Format Version 12.00
# Visual Studio 15
VisualStudioVersion = 15.0.27428.2037
MinimumVisualStudioVersion = 10.0.40219.1
Project("{FAE04EC0-301F-11D3-BF4B-00C04F79EFBC}") = "GitHubCatinhoDoDotNet", "GitHubCatinhoDoDotNet\GitHubCatinhoDoDotNet.csproj", "{F88772A7-685C-41FB-9E85-5CE7A3BCBC74}"
EndProject
Global
	GlobalSection(SolutionConfigurationPlatforms) = preSolution
		Debug|Any CPU = Debug|Any CPU
		Release|Any CPU = Release|Any CPU
	EndGlobalSection
	GlobalSection(ProjectConfigurationPlatforms) = postSolution
		{F88772A7-685C-41FB-9E85-5CE7A3BCBC74}.Debug|Any CPU.ActiveCfg = Debug|Any CPU
		{F88772A7-685C-41FB-9E85-5CE7A3BCBC74}.Debug|Any CPU.Build.0 = Debug|Any CPU
		{F88772A7-685C-41FB-9E85-5CE7A3BCBC74}.Release|Any CPU.ActiveCfg = Release|Any CPU
		{F88772A7-685C-41FB-9E85-5CE7A3BCBC74}.Release|Any CPU.Build.0 = Release|Any CPU
	EndGlobalSection
	GlobalSection(SolutionProperties) = preSolution
		HideSolutionNode = FALSE
	EndGlobalSection
	GlobalSection(ExtensibilityGlobals) = postSolution
		SolutionGuid = {5B52ED29-28E0-40B0-96E5-89299F04E181}
	EndGlobalSection
EndGlobal
